# This file is automatically @generated by Cargo.
# It is not intended for manual editing.
version = 3

[[package]]
name = "aoc23_1"
version = "0.1.0"
dependencies = [
 "lazy_static",
 "num2words",
]

[[package]]
name = "lazy_static"
version = "1.4.0"
source = "registry+https://github.com/rust-lang/crates.io-index"
checksum = "e2abad23fbc42b3700f2f279844dc832adb2b2eb069b2df918f455c4e18cc646"

[[package]]
name = "num-bigfloat"
version = "1.7.0"
source = "registry+https://github.com/rust-lang/crates.io-index"
checksum = "5783ebef81e0a6b81e701e022743692ba91af9bd84686595b4f44dbee6c249b9"

[[package]]
name = "num2words"
version = "1.0.1"
source = "registry+https://github.com/rust-lang/crates.io-index"
checksum = "207f4493b991f3dfb888a10f27109d831cf19a2ad5b91886c863eaf828ef6744"
dependencies = [
 "num-bigfloat",
]
